
Microsoft Visual Studio Solution File, Format Version 12.00
# Visual Studio 15
VisualStudioVersion = 15.0.27703.2035
MinimumVisualStudioVersion = 10.0.40219.1
Project("{FAE04EC0-301F-11D3-BF4B-00C04F79EFBC}") = "GitLogApplication", "GitLogApplication\GitLogApplication.csproj", "{0A57F710-BCD7-4871-9223-45C6B32DD074}"
EndProject
Global
	GlobalSection(SolutionConfigurationPlatforms) = preSolution
		Debug|Any CPU = Debug|Any CPU
		Release|Any CPU = Release|Any CPU
	EndGlobalSection
	GlobalSection(ProjectConfigurationPlatforms) = postSolution
		{0A57F710-BCD7-4871-9223-45C6B32DD074}.Debug|Any CPU.ActiveCfg = Debug|Any CPU
		{0A57F710-BCD7-4871-9223-45C6B32DD074}.Debug|Any CPU.Build.0 = Debug|Any CPU
		{0A57F710-BCD7-4871-9223-45C6B32DD074}.Release|Any CPU.ActiveCfg = Release|Any CPU
		{0A57F710-BCD7-4871-9223-45C6B32DD074}.Release|Any CPU.Build.0 = Release|Any CPU
	EndGlobalSection
	GlobalSection(SolutionProperties) = preSolution
		HideSolutionNode = FALSE
	EndGlobalSection
	GlobalSection(ExtensibilityGlobals) = postSolution
		SolutionGuid = {E31FA9DB-4D15-4420-8307-BC9ABA3E5632}
	EndGlobalSection
EndGlobal
